# THIS IS AN AUTOGENERATED FILE. DO NOT EDIT THIS FILE DIRECTLY.
# yarn lockfile v1


node-gsettings-wrapper@^0.5.0:
  version "0.5.0"
  resolved "https://registry.yarnpkg.com/node-gsettings-wrapper/-/node-gsettings-wrapper-0.5.0.tgz#08e2e4e3895c7b444e8818b6877e4e80131b5143"
  integrity sha1-COLk44lce0ROiBi2h35OgBMbUUM=
